// !$*UTF8*$!
{
	archiveVersion = 1;
	classes = {
	};
	objectVersion = 46;
	objects = {

/* Begin PBXBuildFile section */
		EA154565168B72E90009ACEF /* Benchmark.c in Sources */ = {isa = PBXBuildFile; fileRef = EA154564168B72E90009ACEF /* Benchmark.c */; };
		EA154566168B72EE0009ACEF /* main.c in Sources */ = {isa = PBXBuildFile; fileRef = EA154562168B72980009ACEF /* main.c */; };
/* End PBXBuildFile section */

/* Begin PBXCopyFilesBuildPhase section */
		EA154550168B72060009ACEF /* CopyFiles */ = {
			isa = PBXCopyFilesBuildPhase;
			buildActionMask = 2147483647;
			dstPath = /usr/share/man/man1/;
			dstSubfolderSpec = 0;
			files = (
			);
			runOnlyForDeploymentPostprocessing = 1;
		};
/* End PBXCopyFilesBuildPhase section */

/* Begin PBXFileReference section */
		EA154552168B72060009ACEF /* Benchmark */ = {isa = PBXFileReference; explicitFileType = "compiled.mach-o.executable"; includeInIndex = 0; path = Benchmark; sourceTree = BUILT_PRODUCTS_DIR; };
		EA154562168B72980009ACEF /* main.c */ = {isa = PBXFileReference; lastKnownFileType = sourcecode.c.c; path = main.c; sourceTree = "<group>"; };
		EA154563168B72D10009ACEF /* Benchmark.h */ = {isa = PBXFileReference; lastKnownFileType = sourcecode.c.h; path = Benchmark.h; sourceTree = "<group>"; };
		EA154564168B72E90009ACEF /* Benchmark.c */ = {isa = PBXFileReference; fileEncoding = 4; lastKnownFileType = sourcecode.c.c; path = Benchmark.c; sourceTree = "<group>"; };
/* End PBXFileReference section */

/* Begin PBXFrameworksBuildPhase section */
		EA15454F168B72060009ACEF /* Frameworks */ = {
			isa = PBXFrameworksBuildPhase;
			buildActionMask = 2147483647;
			files = (
			);
			runOnlyForDeploymentPostprocessing = 0;
		};
/* End PBXFrameworksBuildPhase section */

/* Begin PBXGroup section */
		EA154547168B72060009ACEF = {
			isa = PBXGroup;
			children = (
				EA15455F168B72980009ACEF /* Headers */,
				EA154560168B72980009ACEF /* Source */,
				EA154561168B72980009ACEF /* Test */,
				EA154553168B72060009ACEF /* Products */,
			);
			sourceTree = "<group>";
		};
		EA154553168B72060009ACEF /* Products */ = {
			isa = PBXGroup;
			children = (
				EA154552168B72060009ACEF /* Benchmark */,
			);
			name = Products;
			sourceTree = "<group>";
		};
		EA15455F168B72980009ACEF /* Headers */ = {
			isa = PBXGroup;
			children = (
				EA154563168B72D10009ACEF /* Benchmark.h */,
			);
			path = Headers;
			sourceTree = "<group>";
		};
		EA154560168B72980009ACEF /* Source */ = {
			isa = PBXGroup;
			children = (
				EA154564168B72E90009ACEF /* Benchmark.c */,
			);
			path = Source;
			sourceTree = "<group>";
		};
		EA154561168B72980009ACEF /* Test */ = {
			isa = PBXGroup;
			children = (
				EA154562168B72980009ACEF /* main.c */,
			);
			path = Test;
			sourceTree = "<group>";
		};
/* End PBXGroup section */

/* Begin PBXNativeTarget section */
		EA154551168B72060009ACEF /* Benchmark */ = {
			isa = PBXNativeTarget;
			buildConfigurationList = EA15455C168B72060009ACEF /* Build configuration list for PBXNativeTarget "Benchmark" */;
			buildPhases = (
				EA15454E168B72060009ACEF /* Sources */,
				EA15454F168B72060009ACEF /* Frameworks */,
				EA154550168B72060009ACEF /* CopyFiles */,
			);
			buildRules = (
			);
			dependencies = (
			);
			name = Benchmark;
			productName = Benchmark;
			productReference = EA154552168B72060009ACEF /* Benchmark */;
			productType = "com.apple.product-type.tool";
		};
/* End PBXNativeTarget section */

/* Begin PBXProject section */
		EA154549168B72060009ACEF /* Project object */ = {
			isa = PBXProject;
			attributes = {
				LastUpgradeCheck = 0450;
				ORGANIZATIONNAME = Chinmay;
			};
			buildConfigurationList = EA15454C168B72060009ACEF /* Build configuration list for PBXProject "Benchmark" */;
			compatibilityVersion = "Xcode 3.2";
			developmentRegion = English;
			hasScannedForEncodings = 0;
			knownRegions = (
				en,
			);
			mainGroup = EA154547168B72060009ACEF;
			productRefGroup = EA154553168B72060009ACEF /* Products */;
			projectDirPath = "";
			projectRoot = "";
			targets = (
				EA154551168B72060009ACEF /* Benchmark */,
			);
		};
/* End PBXProject section */

/* Begin PBXSourcesBuildPhase section */
		EA15454E168B72060009ACEF /* Sources */ = {
			isa = PBXSourcesBuildPhase;
			buildActionMask = 2147483647;
			files = (
				EA154565168B72E90009ACEF /* Benchmark.c in Sources */,
				EA154566168B72EE0009ACEF /* main.c in Sources */,
			);
			runOnlyForDeploymentPostprocessing = 0;
		};
/* End PBXSourcesBuildPhase section */

/* Begin XCBuildConfiguration section */
		EA15455A168B72060009ACEF /* Debug */ = {
			isa = XCBuildConfiguration;
			buildSettings = {
				ALWAYS_SEARCH_USER_PATHS = NO;
				ARCHS = "$(ARCHS_STANDARD_64_BIT)";
				CLANG_CXX_LANGUAGE_STANDARD = "gnu++0x";
				CLANG_CXX_LIBRARY = "libc++";
				CLANG_WARN_EMPTY_BODY = YES;
				CLANG_WARN__DUPLICATE_METHOD_MATCH = YES;
				COPY_PHASE_STRIP = NO;
				GCC_C_LANGUAGE_STANDARD = gnu99;
				GCC_DYNAMIC_NO_PIC = NO;
				GCC_ENABLE_OBJC_EXCEPTIONS = YES;
				GCC_OPTIMIZATION_LEVEL = 0;
				GCC_PREPROCESSOR_DEFINITIONS = (
					"DEBUG=1",
					"$(inherited)",
				);
				GCC_SYMBOLS_PRIVATE_EXTERN = NO;
				GCC_WARN_64_TO_32_BIT_CONVERSION = YES;
				GCC_WARN_ABOUT_RETURN_TYPE = YES;
				GCC_WARN_UNINITIALIZED_AUTOS = YES;
				GCC_WARN_UNUSED_VARIABLE = YES;
				MACOSX_DEPLOYMENT_TARGET = 10.8;
				ONLY_ACTIVE_ARCH = YES;
				SDKROOT = macosx;
			};
			name = Debug;
		};
		EA15455B168B72060009ACEF /* Release */ = {
			isa = XCBuildConfiguration;
			buildSettings = {
				ALWAYS_SEARCH_USER_PATHS = NO;
				ARCHS = "$(ARCHS_STANDARD_64_BIT)";
				CLANG_CXX_LANGUAGE_STANDARD = "gnu++0x";
				CLANG_CXX_LIBRARY = "libc++";
				CLANG_WARN_EMPTY_BODY = YES;
				CLANG_WARN__DUPLICATE_METHOD_MATCH = YES;
				COPY_PHASE_STRIP = YES;
				DEBUG_INFORMATION_FORMAT = "dwarf-with-dsym";
				GCC_C_LANGUAGE_STANDARD = gnu99;
				GCC_ENABLE_OBJC_EXCEPTIONS = YES;
				GCC_WARN_64_TO_32_BIT_CONVERSION = YES;
				GCC_WARN_ABOUT_RETURN_TYPE = YES;
				GCC_WARN_UNINITIALIZED_AUTOS = YES;
				GCC_WARN_UNUSED_VARIABLE = YES;
				MACOSX_DEPLOYMENT_TARGET = 10.8;
				SDKROOT = macosx;
			};
			name = Release;
		};
		EA15455D168B72060009ACEF /* Debug */ = {
			isa = XCBuildConfiguration;
			buildSettings = {
				PRODUCT_NAME = "$(TARGET_NAME)";
			};
			name = Debug;
		};
		EA15455E168B72060009ACEF /* Release */ = {
			isa = XCBuildConfiguration;
			buildSettings = {
				PRODUCT_NAME = "$(TARGET_NAME)";
			};
			name = Release;
		};
/* End XCBuildConfiguration section */

/* Begin XCConfigurationList section */
		EA15454C168B72060009ACEF /* Build configuration list for PBXProject "Benchmark" */ = {
			isa = XCConfigurationList;
			buildConfigurations = (
				EA15455A168B72060009ACEF /* Debug */,
				EA15455B168B72060009ACEF /* Release */,
			);
			defaultConfigurationIsVisible = 0;
			defaultConfigurationName = Release;
		};
		EA15455C168B72060009ACEF /* Build configuration list for PBXNativeTarget "Benchmark" */ = {
			isa = XCConfigurationList;
			buildConfigurations = (
				EA15455D168B72060009ACEF /* Debug */,
				EA15455E168B72060009ACEF /* Release */,
			);
			defaultConfigurationIsVisible = 0;
		};
/* End XCConfigurationList section */
	};
	rootObject = EA154549168B72060009ACEF /* Project object */;
}
